
Microsoft Visual Studio Solution File, Format Version 12.00
# Visual Studio Version 17
VisualStudioVersion = 17.5.33424.131
MinimumVisualStudioVersion = 10.0.40219.1
Project("{FAE04EC0-301F-11D3-BF4B-00C04F79EFBC}") = "EmployeeClockTrackerAutomation", "EmployeeClockTrackerAutomation\EmployeeClockTrackerAutomation.csproj", "{0B87DF3E-6A00-4C8B-B067-ABD549886BEB}"
EndProject
Global
	GlobalSection(SolutionConfigurationPlatforms) = preSolution
		Debug|Any CPU = Debug|Any CPU
		Release|Any CPU = Release|Any CPU
	EndGlobalSection
	GlobalSection(ProjectConfigurationPlatforms) = postSolution
		{0B87DF3E-6A00-4C8B-B067-ABD549886BEB}.Debug|Any CPU.ActiveCfg = Debug|Any CPU
		{0B87DF3E-6A00-4C8B-B067-ABD549886BEB}.Debug|Any CPU.Build.0 = Debug|Any CPU
		{0B87DF3E-6A00-4C8B-B067-ABD549886BEB}.Release|Any CPU.ActiveCfg = Release|Any CPU
		{0B87DF3E-6A00-4C8B-B067-ABD549886BEB}.Release|Any CPU.Build.0 = Release|Any CPU
	EndGlobalSection
	GlobalSection(SolutionProperties) = preSolution
		HideSolutionNode = FALSE
	EndGlobalSection
	GlobalSection(ExtensibilityGlobals) = postSolution
		SolutionGuid = {F68731D5-51F3-44EC-A894-E002C415E5C0}
	EndGlobalSection
EndGlobal
